# @generated - this file is auto-generated by `mise lock` https://mise.jdx.dev/dev-tools/mise-lock.html

[[tools."github:DetachHead/basedpyright"]]
version = "1.39.10"
backend = "github:DetachHead/basedpyright"

[tools."github:DetachHead/basedpyright"."platforms.linux-arm64"]
checksum = "sha256:c8eaf5302f3265e275c7df4fba194d7afa7c1cb53fbfd448e90098360aca2c2e"
url = "https://github.com/DetachHead/basedpyright/releases/download/v1.39.10/basedpyright-1.39.10.tar.gz"
url_api = "https://api.github.com/repos/DetachHead/basedpyright/releases/assets/513265626"
provenance = "github-attestations"

[tools."github:DetachHead/basedpyright"."platforms.linux-arm64-musl"]
checksum = "sha256:c8eaf5302f3265e275c7df4fba194d7afa7c1cb53fbfd448e90098360aca2c2e"
url = "https://github.com/DetachHead/basedpyright/releases/download/v1.39.10/basedpyright-1.39.10.tar.gz"
url_api = "https://api.github.com/repos/DetachHead/basedpyright/releases/assets/513265626"
provenance = "github-attestations"

[tools."github:DetachHead/basedpyright"."platforms.linux-x64"]
checksum = "sha256:c8eaf5302f3265e275c7df4fba194d7afa7c1cb53fbfd448e90098360aca2c2e"
url = "https://github.com/DetachHead/basedpyright/releases/download/v1.39.10/basedpyright-1.39.10.tar.gz"
url_api = "https://api.github.com/repos/DetachHead/basedpyright/releases/assets/513265626"
provenance = "github-attestations"

[tools."github:DetachHead/basedpyright"."platforms.linux-x64-musl"]
checksum = "sha256:c8eaf5302f3265e275c7df4fba194d7afa7c1cb53fbfd448e90098360aca2c2e"
url = "https://github.com/DetachHead/basedpyright/releases/download/v1.39.10/basedpyright-1.39.10.tar.gz"
url_api = "https://api.github.com/repos/DetachHead/basedpyright/releases/assets/513265626"
provenance = "github-attestations"

[tools."github:DetachHead/basedpyright"."platforms.macos-arm64"]
checksum = "sha256:c8eaf5302f3265e275c7df4fba194d7afa7c1cb53fbfd448e90098360aca2c2e"
url = "https://github.com/DetachHead/basedpyright/releases/download/v1.39.10/basedpyright-1.39.10.tar.gz"
url_api = "https://api.github.com/repos/DetachHead/basedpyright/releases/assets/513265626"
provenance = "github-attestations"

[tools."github:DetachHead/basedpyright"."platforms.macos-x64"]
checksum = "sha256:c8eaf5302f3265e275c7df4fba194d7afa7c1cb53fbfd448e90098360aca2c2e"
url = "https://github.com/DetachHead/basedpyright/releases/download/v1.39.10/basedpyright-1.39.10.tar.gz"
url_api = "https://api.github.com/repos/DetachHead/basedpyright/releases/assets/513265626"
provenance = "github-attestations"

[tools."github:DetachHead/basedpyright"."platforms.windows-x64"]
checksum = "sha256:c8eaf5302f3265e275c7df4fba194d7afa7c1cb53fbfd448e90098360aca2c2e"
url = "https://github.com/DetachHead/basedpyright/releases/download/v1.39.10/basedpyright-1.39.10.tar.gz"
url_api = "https://api.github.com/repos/DetachHead/basedpyright/releases/assets/513265626"
provenance = "github-attestations"
provenance_verified = true

[[tools.prek]]
version = "0.4.13"
backend = "aqua:j178/prek"

[tools.prek."platforms.linux-arm64"]
checksum = "sha256:ecbddcf4aad45eca7073f62dcea717f1e523901ada5c2fd668e6dce812f7790e"
url = "https://github.com/j178/prek/releases/download/v0.4.13/prek-aarch64-unknown-linux-musl.tar.gz"
url_api = "https://api.github.com/repos/j178/prek/releases/assets/508529763"
provenance = "github-attestations"

[tools.prek."platforms.linux-arm64-musl"]
checksum = "sha256:ecbddcf4aad45eca7073f62dcea717f1e523901ada5c2fd668e6dce812f7790e"
url = "https://github.com/j178/prek/releases/download/v0.4.13/prek-aarch64-unknown-linux-musl.tar.gz"
url_api = "https://api.github.com/repos/j178/prek/releases/assets/508529763"
provenance = "github-attestations"

[tools.prek."platforms.linux-x64"]
checksum = "sha256:15dbf93535fc956a09e0e13e0529f364aff94c9d048f36a41571bb802e096ec0"
url = "https://github.com/j178/prek/releases/download/v0.4.13/prek-x86_64-unknown-linux-musl.tar.gz"
url_api = "https://api.github.com/repos/j178/prek/releases/assets/508529829"
provenance = "github-attestations"

[tools.prek."platforms.linux-x64-musl"]
checksum = "sha256:15dbf93535fc956a09e0e13e0529f364aff94c9d048f36a41571bb802e096ec0"
url = "https://github.com/j178/prek/releases/download/v0.4.13/prek-x86_64-unknown-linux-musl.tar.gz"
url_api = "https://api.github.com/repos/j178/prek/releases/assets/508529829"
provenance = "github-attestations"

[tools.prek."platforms.macos-arm64"]
checksum = "sha256:776da7aa143b3cb11125f9c6f44ab5af157c176c992b7bfbafc1b155a44ac769"
url = "https://github.com/j178/prek/releases/download/v0.4.13/prek-aarch64-apple-darwin.tar.gz"
url_api = "https://api.github.com/repos/j178/prek/releases/assets/508529745"
provenance = "github-attestations"

[tools.prek."platforms.macos-x64"]
checksum = "sha256:dbd9dbe4f1e0142a3d264c84fbc1e0b1816392507c617cc71d971c8fdde9d506"
url = "https://github.com/j178/prek/releases/download/v0.4.13/prek-x86_64-apple-darwin.tar.gz"
url_api = "https://api.github.com/repos/j178/prek/releases/assets/508529818"
provenance = "github-attestations"

[tools.prek."platforms.windows-x64"]
checksum = "sha256:bf7adf70705a6ba0d2e1fd8a4016397e2609bc1765474eddec466db460a9f4ea"
url = "https://github.com/j178/prek/releases/download/v0.4.13/prek-x86_64-pc-windows-msvc.zip"
url_api = "https://api.github.com/repos/j178/prek/releases/assets/508529822"
provenance = "github-attestations"

[[tools.python]]
version = "3.12.14"
backend = "core:python"

[tools.python."platforms.linux-arm64"]
checksum = "sha256:2d8e17dfd732102cfeb18e0e1fa6769b24caa034e159981129590fe409c7157a"
url = "https://github.com/astral-sh/python-build-standalone/releases/download/20260814/cpython-3.12.14+20260814-aarch64-unknown-linux-gnu-install_only_stripped.tar.gz"
provenance = "github-attestations"

[tools.python."platforms.linux-arm64-musl"]
checksum = "sha256:4167705abc3e40767c7bd8f006ae5dbe677397391a2d9f7549e7759e3806180a"
url = "https://github.com/astral-sh/python-build-standalone/releases/download/20260814/cpython-3.12.14+20260814-aarch64-unknown-linux-musl-install_only_stripped.tar.gz"
provenance = "github-attestations"

[tools.python."platforms.linux-x64"]
checksum = "sha256:5acfa3e9ba26b51ae161c83aff278da915b590d22373a424b2ba55b8afe91fcc"
url = "https://github.com/astral-sh/python-build-standalone/releases/download/20260814/cpython-3.12.14+20260814-x86_64-unknown-linux-gnu-install_only_stripped.tar.gz"
provenance = "github-attestations"

[tools.python."platforms.linux-x64-musl"]
checksum = "sha256:25adbf9d865ada81c728ba9ee6cd042736b6b46dcd3a889198038da04eed9c4a"
url = "https://github.com/astral-sh/python-build-standalone/releases/download/20260814/cpython-3.12.14+20260814-x86_64-unknown-linux-musl-install_only_stripped.tar.gz"
provenance = "github-attestations"

[tools.python."platforms.macos-arm64"]
checksum = "sha256:dd5b76ab11451a4a4367c17c61d944dded56b425396b07f102922a7ebef7d55f"
url = "https://github.com/astral-sh/python-build-standalone/releases/download/20260814/cpython-3.12.14+20260814-aarch64-apple-darwin-install_only_stripped.tar.gz"
provenance = "github-attestations"

[tools.python."platforms.macos-x64"]
checksum = "sha256:aec265e3cddaccdb2a3d783331596351b24d4a63c97af0a38f75f643c9451de9"
url = "https://github.com/astral-sh/python-build-standalone/releases/download/20260814/cpython-3.12.14+20260814-x86_64-apple-darwin-install_only_stripped.tar.gz"
provenance = "github-attestations"

[tools.python."platforms.windows-x64"]
checksum = "sha256:89f18f6932917163b74339ebcec2645c8e47ae7f1c5f2ac37f2b4f4cf3beb647"
url = "https://github.com/astral-sh/python-build-standalone/releases/download/20260814/cpython-3.12.14+20260814-x86_64-pc-windows-msvc-install_only_stripped.tar.gz"
provenance = "github-attestations"

[[tools.ruff]]
version = "0.16.3"
backend = "aqua:astral-sh/ruff"

[tools.ruff."platforms.linux-arm64"]
checksum = "sha256:8319ba22f655e6efc086103486d7165bf0de73f71ff1c5f25ba580153ad05feb"
url = "https://github.com/astral-sh/ruff/releases/download/0.16.3/ruff-aarch64-unknown-linux-musl.tar.gz"
url_api = "https://api.github.com/repos/astral-sh/ruff/releases/assets/513140238"
provenance = "github-attestations"

[tools.ruff."platforms.linux-arm64-musl"]
checksum = "sha256:8319ba22f655e6efc086103486d7165bf0de73f71ff1c5f25ba580153ad05feb"
url = "https://github.com/astral-sh/ruff/releases/download/0.16.3/ruff-aarch64-unknown-linux-musl.tar.gz"
url_api = "https://api.github.com/repos/astral-sh/ruff/releases/assets/513140238"
provenance = "github-attestations"

[tools.ruff."platforms.linux-x64"]
checksum = "sha256:d67c9b5949981698c48915abf65e0b3406ba9184ad73521cdf20a926bc889c73"
url = "https://github.com/astral-sh/ruff/releases/download/0.16.3/ruff-x86_64-unknown-linux-musl.tar.gz"
url_api = "https://api.github.com/repos/astral-sh/ruff/releases/assets/513140356"
provenance = "github-attestations"

[tools.ruff."platforms.linux-x64-musl"]
checksum = "sha256:d67c9b5949981698c48915abf65e0b3406ba9184ad73521cdf20a926bc889c73"
url = "https://github.com/astral-sh/ruff/releases/download/0.16.3/ruff-x86_64-unknown-linux-musl.tar.gz"
url_api = "https://api.github.com/repos/astral-sh/ruff/releases/assets/513140356"
provenance = "github-attestations"

[tools.ruff."platforms.macos-arm64"]
checksum = "sha256:136a4db6512d9b16dda56ac8604696ed65c3b1a914a142de029e7f8d5006f1d9"
url = "https://github.com/astral-sh/ruff/releases/download/0.16.3/ruff-aarch64-apple-darwin.tar.gz"
url_api = "https://api.github.com/repos/astral-sh/ruff/releases/assets/513140218"
provenance = "github-attestations"

[tools.ruff."platforms.macos-x64"]
checksum = "sha256:05c2a6705e7c0c056d6d93ff538978583f0c47b4c28d334ab9d58d2e8daf4c24"
url = "https://github.com/astral-sh/ruff/releases/download/0.16.3/ruff-x86_64-apple-darwin.tar.gz"
url_api = "https://api.github.com/repos/astral-sh/ruff/releases/assets/513140338"
provenance = "github-attestations"

[tools.ruff."platforms.windows-x64"]
checksum = "sha256:f10c709755b393fd9821506b21070bcca969b9966504edd1e490efd08e3662ba"
url = "https://github.com/astral-sh/ruff/releases/download/0.16.3/ruff-x86_64-pc-windows-msvc.zip"
url_api = "https://api.github.com/repos/astral-sh/ruff/releases/assets/513140346"
provenance = "github-attestations"
